// !$*UTF8*$!
{
	archiveVersion = 1;
	classes = {
	};
	objectVersion = 50;
	objects = {

/* Begin PBXBuildFile section */
		394D5ADD241BE430009724C4 /* 1s.json in Resources */ = {isa = PBXBuildFile; fileRef = 394D5ADC241BE430009724C4 /* 1s.json */; };
		394D5ADF241BE4EC009724C4 /* 2s.json in Resources */ = {isa = PBXBuildFile; fileRef = 394D5ADE241BE4EC009724C4 /* 2s.json */; };
		394D5AE1241BE67F009724C4 /* 3s.json in Resources */ = {isa = PBXBuildFile; fileRef = 394D5AE0241BE67F009724C4 /* 3s.json */; };
		394D5AE3241BE699009724C4 /* 4s.json in Resources */ = {isa = PBXBuildFile; fileRef = 394D5AE2241BE699009724C4 /* 4s.json */; };
		394D5AE5241BE6A9009724C4 /* 5s.json in Resources */ = {isa = PBXBuildFile; fileRef = 394D5AE4241BE6A9009724C4 /* 5s.json */; };
		394D5AE7241BE73F009724C4 /* 6s.json in Resources */ = {isa = PBXBuildFile; fileRef = 394D5AE6241BE73F009724C4 /* 6s.json */; };
		394DC4DC2431F96D00526FD5 /* ArchiveYearViewController.swift in Sources */ = {isa = PBXBuildFile; fileRef = 394DC4DB2431F96D00526FD5 /* ArchiveYearViewController.swift */; };
		395F0CE624325F5E00749AF0 /* ArchiveQuartViewController.swift in Sources */ = {isa = PBXBuildFile; fileRef = 395F0CE524325F5E00749AF0 /* ArchiveQuartViewController.swift */; };
		397BC48A2451B28500EC45E3 /* TestsTestViewController.swift in Sources */ = {isa = PBXBuildFile; fileRef = 397BC4892451B28500EC45E3 /* TestsTestViewController.swift */; };
		397BC48C2451D23700EC45E3 /* TestViewController.swift in Sources */ = {isa = PBXBuildFile; fileRef = 397BC48B2451D23700EC45E3 /* TestViewController.swift */; };
		398E1C2A24235B080085E53F /* DetailViewController.swift in Sources */ = {isa = PBXBuildFile; fileRef = 398E1C2824235B080085E53F /* DetailViewController.swift */; };
		39996DBD244D8C1400802D47 /* TraneViewController.swift in Sources */ = {isa = PBXBuildFile; fileRef = 39996DBC244D8C1400802D47 /* TraneViewController.swift */; };
		3999CA6B2417FDB600C272C3 /* HomeViewController.swift in Sources */ = {isa = PBXBuildFile; fileRef = 3999CA6A2417FDB600C272C3 /* HomeViewController.swift */; };
		3999CA70241801BC00C272C3 /* TestsViewController.swift in Sources */ = {isa = PBXBuildFile; fileRef = 3999CA6F241801BC00C272C3 /* TestsViewController.swift */; };
		3999CA72241801CF00C272C3 /* SettingsViewController.swift in Sources */ = {isa = PBXBuildFile; fileRef = 3999CA71241801CF00C272C3 /* SettingsViewController.swift */; };
		399DB781243471DE008B4CDF /* ArchiveVerseViewController.swift in Sources */ = {isa = PBXBuildFile; fileRef = 399DB780243471DE008B4CDF /* ArchiveVerseViewController.swift */; };
		399F015724179FB10094826A /* AppDelegate.swift in Sources */ = {isa = PBXBuildFile; fileRef = 399F015624179FB10094826A /* AppDelegate.swift */; };
		399F015924179FB10094826A /* SceneDelegate.swift in Sources */ = {isa = PBXBuildFile; fileRef = 399F015824179FB10094826A /* SceneDelegate.swift */; };
		399F016024179FB10094826A /* Main.storyboard in Resources */ = {isa = PBXBuildFile; fileRef = 399F015E24179FB10094826A /* Main.storyboard */; };
		399F016224179FB60094826A /* Assets.xcassets in Resources */ = {isa = PBXBuildFile; fileRef = 399F016124179FB60094826A /* Assets.xcassets */; };
		399F016524179FB60094826A /* LaunchScreen.storyboard in Resources */ = {isa = PBXBuildFile; fileRef = 399F016324179FB60094826A /* LaunchScreen.storyboard */; };
		39ED8790243C930200A32815 /* TestsTraneViewController.swift in Sources */ = {isa = PBXBuildFile; fileRef = 39ED878F243C930200A32815 /* TestsTraneViewController.swift */; };
		39EEE3D42430735D00006ACB /* audio in Resources */ = {isa = PBXBuildFile; fileRef = 39EEE3D32430735D00006ACB /* audio */; };
/* End PBXBuildFile section */

/* Begin PBXFileReference section */
		394D5ADC241BE430009724C4 /* 1s.json */ = {isa = PBXFileReference; fileEncoding = 4; lastKnownFileType = text.json; path = 1s.json; sourceTree = "<group>"; };
		394D5ADE241BE4EC009724C4 /* 2s.json */ = {isa = PBXFileReference; lastKnownFileType = text.json; path = 2s.json; sourceTree = "<group>"; };
		394D5AE0241BE67F009724C4 /* 3s.json */ = {isa = PBXFileReference; lastKnownFileType = text.json; path = 3s.json; sourceTree = "<group>"; };
		394D5AE2241BE699009724C4 /* 4s.json */ = {isa = PBXFileReference; lastKnownFileType = text.json; path = 4s.json; sourceTree = "<group>"; };
		394D5AE4241BE6A9009724C4 /* 5s.json */ = {isa = PBXFileReference; lastKnownFileType = text.json; path = 5s.json; sourceTree = "<group>"; };
		394D5AE6241BE73F009724C4 /* 6s.json */ = {isa = PBXFileReference; lastKnownFileType = text.json; path = 6s.json; sourceTree = "<group>"; };
		394DC4DB2431F96D00526FD5 /* ArchiveYearViewController.swift */ = {isa = PBXFileReference; lastKnownFileType = sourcecode.swift; path = ArchiveYearViewController.swift; sourceTree = "<group>"; };
		395F0CE524325F5E00749AF0 /* ArchiveQuartViewController.swift */ = {isa = PBXFileReference; lastKnownFileType = sourcecode.swift; path = ArchiveQuartViewController.swift; sourceTree = "<group>"; };
		397BC4892451B28500EC45E3 /* TestsTestViewController.swift */ = {isa = PBXFileReference; lastKnownFileType = sourcecode.swift; path = TestsTestViewController.swift; sourceTree = "<group>"; };
		397BC48B2451D23700EC45E3 /* TestViewController.swift */ = {isa = PBXFileReference; lastKnownFileType = sourcecode.swift; path = TestViewController.swift; sourceTree = "<group>"; };
		398E1C2824235B080085E53F /* DetailViewController.swift */ = {isa = PBXFileReference; lastKnownFileType = sourcecode.swift; path = DetailViewController.swift; sourceTree = "<group>"; };
		39996DBC244D8C1400802D47 /* TraneViewController.swift */ = {isa = PBXFileReference; lastKnownFileType = sourcecode.swift; path = TraneViewController.swift; sourceTree = "<group>"; };
		3999CA6A2417FDB600C272C3 /* HomeViewController.swift */ = {isa = PBXFileReference; lastKnownFileType = sourcecode.swift; path = HomeViewController.swift; sourceTree = "<group>"; };
		3999CA6F241801BC00C272C3 /* TestsViewController.swift */ = {isa = PBXFileReference; lastKnownFileType = sourcecode.swift; path = TestsViewController.swift; sourceTree = "<group>"; };
		3999CA71241801CF00C272C3 /* SettingsViewController.swift */ = {isa = PBXFileReference; lastKnownFileType = sourcecode.swift; path = SettingsViewController.swift; sourceTree = "<group>"; };
		399DB780243471DE008B4CDF /* ArchiveVerseViewController.swift */ = {isa = PBXFileReference; lastKnownFileType = sourcecode.swift; path = ArchiveVerseViewController.swift; sourceTree = "<group>"; };
		399DB7822436357E008B4CDF /* Памятные Жемчужины.entitlements */ = {isa = PBXFileReference; lastKnownFileType = text.plist.entitlements; path = "Памятные Жемчужины.entitlements"; sourceTree = "<group>"; };
		399F015324179FB00094826A /* Памятные Жемчужины.app */ = {isa = PBXFileReference; explicitFileType = wrapper.application; includeInIndex = 0; path = "Памятные Жемчужины.app"; sourceTree = BUILT_PRODUCTS_DIR; };
		399F015624179FB10094826A /* AppDelegate.swift */ = {isa = PBXFileReference; lastKnownFileType = sourcecode.swift; path = AppDelegate.swift; sourceTree = "<group>"; };
		399F015824179FB10094826A /* SceneDelegate.swift */ = {isa = PBXFileReference; lastKnownFileType = sourcecode.swift; path = SceneDelegate.swift; sourceTree = "<group>"; };
		399F015F24179FB10094826A /* Base */ = {isa = PBXFileReference; lastKnownFileType = file.storyboard; name = Base; path = Base.lproj/Main.storyboard; sourceTree = "<group>"; };
		399F016124179FB60094826A /* Assets.xcassets */ = {isa = PBXFileReference; lastKnownFileType = folder.assetcatalog; path = Assets.xcassets; sourceTree = "<group>"; };
		399F016424179FB60094826A /* Base */ = {isa = PBXFileReference; lastKnownFileType = file.storyboard; name = Base; path = Base.lproj/LaunchScreen.storyboard; sourceTree = "<group>"; };
		399F016624179FB60094826A /* Info.plist */ = {isa = PBXFileReference; lastKnownFileType = text.plist.xml; path = Info.plist; sourceTree = "<group>"; };
		39ED878F243C930200A32815 /* TestsTraneViewController.swift */ = {isa = PBXFileReference; lastKnownFileType = sourcecode.swift; path = TestsTraneViewController.swift; sourceTree = "<group>"; };
		39EEE3D32430735D00006ACB /* audio */ = {isa = PBXFileReference; lastKnownFileType = folder; path = audio; sourceTree = "<group>"; };
/* End PBXFileReference section */

/* Begin PBXFrameworksBuildPhase section */
		399F015024179FB00094826A /* Frameworks */ = {
			isa = PBXFrameworksBuildPhase;
			buildActionMask = 2147483647;
			files = (
			);
			runOnlyForDeploymentPostprocessing = 0;
		};
/* End PBXFrameworksBuildPhase section */

/* Begin PBXGroup section */
		399F014A24179FB00094826A = {
			isa = PBXGroup;
			children = (
				399F015524179FB00094826A /* MemorablePearls */,
				399F015424179FB00094826A /* Products */,
				E08426E5C0B6FA215BDFC1C6 /* Pods */,
			);
			sourceTree = "<group>";
		};
		399F015424179FB00094826A /* Products */ = {
			isa = PBXGroup;
			children = (
				399F015324179FB00094826A /* Памятные Жемчужины.app */,
			);
			name = Products;
			sourceTree = "<group>";
		};
		399F015524179FB00094826A /* MemorablePearls */ = {
			isa = PBXGroup;
			children = (
				399F015624179FB10094826A /* AppDelegate.swift */,
				399F015824179FB10094826A /* SceneDelegate.swift */,
				399F016124179FB60094826A /* Assets.xcassets */,
				399F016324179FB60094826A /* LaunchScreen.storyboard */,
				399F015E24179FB10094826A /* Main.storyboard */,
				3999CA6A2417FDB600C272C3 /* HomeViewController.swift */,
				394DC4DB2431F96D00526FD5 /* ArchiveYearViewController.swift */,
				395F0CE524325F5E00749AF0 /* ArchiveQuartViewController.swift */,
				399DB780243471DE008B4CDF /* ArchiveVerseViewController.swift */,
				3999CA6F241801BC00C272C3 /* TestsViewController.swift */,
				39ED878F243C930200A32815 /* TestsTraneViewController.swift */,
				397BC4892451B28500EC45E3 /* TestsTestViewController.swift */,
				39996DBC244D8C1400802D47 /* TraneViewController.swift */,
				397BC48B2451D23700EC45E3 /* TestViewController.swift */,
				3999CA71241801CF00C272C3 /* SettingsViewController.swift */,
				398E1C2824235B080085E53F /* DetailViewController.swift */,
				394D5ADC241BE430009724C4 /* 1s.json */,
				394D5ADE241BE4EC009724C4 /* 2s.json */,
				394D5AE0241BE67F009724C4 /* 3s.json */,
				394D5AE2241BE699009724C4 /* 4s.json */,
				394D5AE4241BE6A9009724C4 /* 5s.json */,
				394D5AE6241BE73F009724C4 /* 6s.json */,
				39EEE3D32430735D00006ACB /* audio */,
				399F016624179FB60094826A /* Info.plist */,
				399DB7822436357E008B4CDF /* Памятные Жемчужины.entitlements */,
			);
			path = MemorablePearls;
			sourceTree = "<group>";
		};
		E08426E5C0B6FA215BDFC1C6 /* Pods */ = {
			isa = PBXGroup;
			children = (
			);
			path = Pods;
			sourceTree = "<group>";
		};
/* End PBXGroup section */

/* Begin PBXNativeTarget section */
		399F015224179FB00094826A /* MemorablePearls */ = {
			isa = PBXNativeTarget;
			buildConfigurationList = 399F016924179FB70094826A /* Build configuration list for PBXNativeTarget "MemorablePearls" */;
			buildPhases = (
				399F014F24179FB00094826A /* Sources */,
				399F015024179FB00094826A /* Frameworks */,
				399F015124179FB00094826A /* Resources */,
			);
			buildRules = (
			);
			dependencies = (
			);
			name = MemorablePearls;
			productName = MemorablePearls;
			productReference = 399F015324179FB00094826A /* Памятные Жемчужины.app */;
			productType = "com.apple.product-type.application";
		};
/* End PBXNativeTarget section */

/* Begin PBXProject section */
		399F014B24179FB00094826A /* Project object */ = {
			isa = PBXProject;
			attributes = {
				LastSwiftUpdateCheck = 1130;
				LastUpgradeCheck = 1130;
				ORGANIZATIONNAME = "Splash studio";
				TargetAttributes = {
					399F015224179FB00094826A = {
						CreatedOnToolsVersion = 11.3.1;
					};
				};
			};
			buildConfigurationList = 399F014E24179FB00094826A /* Build configuration list for PBXProject "MemorablePearls" */;
			compatibilityVersion = "Xcode 9.3";
			developmentRegion = en;
			hasScannedForEncodings = 0;
			knownRegions = (
				en,
				Base,
			);
			mainGroup = 399F014A24179FB00094826A;
			productRefGroup = 399F015424179FB00094826A /* Products */;
			projectDirPath = "";
			projectRoot = "";
			targets = (
				399F015224179FB00094826A /* MemorablePearls */,
			);
		};
/* End PBXProject section */

/* Begin PBXResourcesBuildPhase section */
		399F015124179FB00094826A /* Resources */ = {
			isa = PBXResourcesBuildPhase;
			buildActionMask = 2147483647;
			files = (
				39EEE3D42430735D00006ACB /* audio in Resources */,
				399F016524179FB60094826A /* LaunchScreen.storyboard in Resources */,
				399F016224179FB60094826A /* Assets.xcassets in Resources */,
				394D5AE3241BE699009724C4 /* 4s.json in Resources */,
				394D5ADD241BE430009724C4 /* 1s.json in Resources */,
				394D5AE1241BE67F009724C4 /* 3s.json in Resources */,
				399F016024179FB10094826A /* Main.storyboard in Resources */,
				394D5AE7241BE73F009724C4 /* 6s.json in Resources */,
				394D5ADF241BE4EC009724C4 /* 2s.json in Resources */,
				394D5AE5241BE6A9009724C4 /* 5s.json in Resources */,
			);
			runOnlyForDeploymentPostprocessing = 0;
		};
/* End PBXResourcesBuildPhase section */

/* Begin PBXSourcesBuildPhase section */
		399F014F24179FB00094826A /* Sources */ = {
			isa = PBXSourcesBuildPhase;
			buildActionMask = 2147483647;
			files = (
				399F015724179FB10094826A /* AppDelegate.swift in Sources */,
				399F015924179FB10094826A /* SceneDelegate.swift in Sources */,
				397BC48A2451B28500EC45E3 /* TestsTestViewController.swift in Sources */,
				395F0CE624325F5E00749AF0 /* ArchiveQuartViewController.swift in Sources */,
				39ED8790243C930200A32815 /* TestsTraneViewController.swift in Sources */,
				397BC48C2451D23700EC45E3 /* TestViewController.swift in Sources */,
				3999CA70241801BC00C272C3 /* TestsViewController.swift in Sources */,
				394DC4DC2431F96D00526FD5 /* ArchiveYearViewController.swift in Sources */,
				39996DBD244D8C1400802D47 /* TraneViewController.swift in Sources */,
				3999CA6B2417FDB600C272C3 /* HomeViewController.swift in Sources */,
				3999CA72241801CF00C272C3 /* SettingsViewController.swift in Sources */,
				399DB781243471DE008B4CDF /* ArchiveVerseViewController.swift in Sources */,
				398E1C2A24235B080085E53F /* DetailViewController.swift in Sources */,
			);
			runOnlyForDeploymentPostprocessing = 0;
		};
/* End PBXSourcesBuildPhase section */

/* Begin PBXVariantGroup section */
		399F015E24179FB10094826A /* Main.storyboard */ = {
			isa = PBXVariantGroup;
			children = (
				399F015F24179FB10094826A /* Base */,
			);
			name = Main.storyboard;
			sourceTree = "<group>";
		};
		399F016324179FB60094826A /* LaunchScreen.storyboard */ = {
			isa = PBXVariantGroup;
			children = (
				399F016424179FB60094826A /* Base */,
			);
			name = LaunchScreen.storyboard;
			sourceTree = "<group>";
		};
/* End PBXVariantGroup section */

/* Begin XCBuildConfiguration section */
		399F016724179FB70094826A /* Debug */ = {
			isa = XCBuildConfiguration;
			buildSettings = {
				ALWAYS_SEARCH_USER_PATHS = NO;
				CLANG_ANALYZER_NONNULL = YES;
				CLANG_ANALYZER_NUMBER_OBJECT_CONVERSION = YES_AGGRESSIVE;
				CLANG_CXX_LANGUAGE_STANDARD = "gnu++14";
				CLANG_CXX_LIBRARY = "libc++";
				CLANG_ENABLE_MODULES = YES;
				CLANG_ENABLE_OBJC_ARC = YES;
				CLANG_ENABLE_OBJC_WEAK = YES;
				CLANG_WARN_BLOCK_CAPTURE_AUTORELEASING = YES;
				CLANG_WARN_BOOL_CONVERSION = YES;
				CLANG_WARN_COMMA = YES;
				CLANG_WARN_CONSTANT_CONVERSION = YES;
				CLANG_WARN_DEPRECATED_OBJC_IMPLEMENTATIONS = YES;
				CLANG_WARN_DIRECT_OBJC_ISA_USAGE = YES_ERROR;
				CLANG_WARN_DOCUMENTATION_COMMENTS = YES;
				CLANG_WARN_EMPTY_BODY = YES;
				CLANG_WARN_ENUM_CONVERSION = YES;
				CLANG_WARN_INFINITE_RECURSION = YES;
				CLANG_WARN_INT_CONVERSION = YES;
				CLANG_WARN_NON_LITERAL_NULL_CONVERSION = YES;
				CLANG_WARN_OBJC_IMPLICIT_RETAIN_SELF = YES;
				CLANG_WARN_OBJC_LITERAL_CONVERSION = YES;
				CLANG_WARN_OBJC_ROOT_CLASS = YES_ERROR;
				CLANG_WARN_RANGE_LOOP_ANALYSIS = YES;
				CLANG_WARN_STRICT_PROTOTYPES = YES;
				CLANG_WARN_SUSPICIOUS_MOVE = YES;
				CLANG_WARN_UNGUARDED_AVAILABILITY = YES_AGGRESSIVE;
				CLANG_WARN_UNREACHABLE_CODE = YES;
				CLANG_WARN__DUPLICATE_METHOD_MATCH = YES;
				COPY_PHASE_STRIP = NO;
				DEBUG_INFORMATION_FORMAT = dwarf;
				ENABLE_STRICT_OBJC_MSGSEND = YES;
				ENABLE_TESTABILITY = YES;
				GCC_C_LANGUAGE_STANDARD = gnu11;
				GCC_DYNAMIC_NO_PIC = NO;
				GCC_NO_COMMON_BLOCKS = YES;
				GCC_OPTIMIZATION_LEVEL = 0;
				GCC_PREPROCESSOR_DEFINITIONS = (
					"DEBUG=1",
					"$(inherited)",
				);
				GCC_WARN_64_TO_32_BIT_CONVERSION = YES;
				GCC_WARN_ABOUT_RETURN_TYPE = YES_ERROR;
				GCC_WARN_UNDECLARED_SELECTOR = YES;
				GCC_WARN_UNINITIALIZED_AUTOS = YES_AGGRESSIVE;
				GCC_WARN_UNUSED_FUNCTION = YES;
				GCC_WARN_UNUSED_VARIABLE = YES;
				IPHONEOS_DEPLOYMENT_TARGET = 13.2;
				MTL_ENABLE_DEBUG_INFO = INCLUDE_SOURCE;
				MTL_FAST_MATH = YES;
				ONLY_ACTIVE_ARCH = YES;
				SDKROOT = iphoneos;
				SWIFT_ACTIVE_COMPILATION_CONDITIONS = DEBUG;
				SWIFT_OPTIMIZATION_LEVEL = "-Onone";
			};
			name = Debug;
		};
		399F016824179FB70094826A /* Release */ = {
			isa = XCBuildConfiguration;
			buildSettings = {
				ALWAYS_SEARCH_USER_PATHS = NO;
				CLANG_ANALYZER_NONNULL = YES;
				CLANG_ANALYZER_NUMBER_OBJECT_CONVERSION = YES_AGGRESSIVE;
				CLANG_CXX_LANGUAGE_STANDARD = "gnu++14";
				CLANG_CXX_LIBRARY = "libc++";
				CLANG_ENABLE_MODULES = YES;
				CLANG_ENABLE_OBJC_ARC = YES;
				CLANG_ENABLE_OBJC_WEAK = YES;
				CLANG_WARN_BLOCK_CAPTURE_AUTORELEASING = YES;
				CLANG_WARN_BOOL_CONVERSION = YES;
				CLANG_WARN_COMMA = YES;
				CLANG_WARN_CONSTANT_CONVERSION = YES;
				CLANG_WARN_DEPRECATED_OBJC_IMPLEMENTATIONS = YES;
				CLANG_WARN_DIRECT_OBJC_ISA_USAGE = YES_ERROR;
				CLANG_WARN_DOCUMENTATION_COMMENTS = YES;
				CLANG_WARN_EMPTY_BODY = YES;
				CLANG_WARN_ENUM_CONVERSION = YES;
				CLANG_WARN_INFINITE_RECURSION = YES;
				CLANG_WARN_INT_CONVERSION = YES;
				CLANG_WARN_NON_LITERAL_NULL_CONVERSION = YES;
				CLANG_WARN_OBJC_IMPLICIT_RETAIN_SELF = YES;
				CLANG_WARN_OBJC_LITERAL_CONVERSION = YES;
				CLANG_WARN_OBJC_ROOT_CLASS = YES_ERROR;
				CLANG_WARN_RANGE_LOOP_ANALYSIS = YES;
				CLANG_WARN_STRICT_PROTOTYPES = YES;
				CLANG_WARN_SUSPICIOUS_MOVE = YES;
				CLANG_WARN_UNGUARDED_AVAILABILITY = YES_AGGRESSIVE;
				CLANG_WARN_UNREACHABLE_CODE = YES;
				CLANG_WARN__DUPLICATE_METHOD_MATCH = YES;
				COPY_PHASE_STRIP = NO;
				DEBUG_INFORMATION_FORMAT = "dwarf-with-dsym";
				ENABLE_NS_ASSERTIONS = NO;
				ENABLE_STRICT_OBJC_MSGSEND = YES;
				GCC_C_LANGUAGE_STANDARD = gnu11;
				GCC_NO_COMMON_BLOCKS = YES;
				GCC_WARN_64_TO_32_BIT_CONVERSION = YES;
				GCC_WARN_ABOUT_RETURN_TYPE = YES_ERROR;
				GCC_WARN_UNDECLARED_SELECTOR = YES;
				GCC_WARN_UNINITIALIZED_AUTOS = YES_AGGRESSIVE;
				GCC_WARN_UNUSED_FUNCTION = YES;
				GCC_WARN_UNUSED_VARIABLE = YES;
				IPHONEOS_DEPLOYMENT_TARGET = 13.2;
				MTL_ENABLE_DEBUG_INFO = NO;
				MTL_FAST_MATH = YES;
				SDKROOT = iphoneos;
				SWIFT_COMPILATION_MODE = wholemodule;
				SWIFT_OPTIMIZATION_LEVEL = "-O";
				VALIDATE_PRODUCT = YES;
			};
			name = Release;
		};
		399F016A24179FB70094826A /* Debug */ = {
			isa = XCBuildConfiguration;
			buildSettings = {
				ASSETCATALOG_COMPILER_APPICON_NAME = AppIcon;
				CODE_SIGN_ENTITLEMENTS = "MemorablePearls/Памятные Жемчужины.entitlements";
				CODE_SIGN_IDENTITY = "Apple Development";
				"CODE_SIGN_IDENTITY[sdk=macosx*]" = "-";
				CODE_SIGN_STYLE = Automatic;
				CURRENT_PROJECT_VERSION = 5;
				DEVELOPMENT_TEAM = AVC44TV8U3;
				INFOPLIST_FILE = MemorablePearls/Info.plist;
				IPHONEOS_DEPLOYMENT_TARGET = 13.0;
				LD_RUNPATH_SEARCH_PATHS = (
					"$(inherited)",
					"@executable_path/Frameworks",
				);
				MARKETING_VERSION = 1.0.2;
				PRODUCT_BUNDLE_IDENTIFIER = "ru.paradox-studio.MemorablePearls";
				PRODUCT_NAME = "Памятные Жемчужины";
				PROVISIONING_PROFILE_SPECIFIER = "";
				"PROVISIONING_PROFILE_SPECIFIER[sdk=macosx*]" = "";
				SUPPORTS_MACCATALYST = NO;
				SWIFT_VERSION = 5.0;
				TARGETED_DEVICE_FAMILY = "1,2";
			};
			name = Debug;
		};
		399F016B24179FB70094826A /* Release */ = {
			isa = XCBuildConfiguration;
			buildSettings = {
				ASSETCATALOG_COMPILER_APPICON_NAME = AppIcon;
				CODE_SIGN_ENTITLEMENTS = "MemorablePearls/Памятные Жемчужины.entitlements";
				CODE_SIGN_IDENTITY = "Apple Development";
				"CODE_SIGN_IDENTITY[sdk=macosx*]" = "-";
				CODE_SIGN_STYLE = Automatic;
				CURRENT_PROJECT_VERSION = 5;
				DEVELOPMENT_TEAM = AVC44TV8U3;
				INFOPLIST_FILE = MemorablePearls/Info.plist;
				IPHONEOS_DEPLOYMENT_TARGET = 13.0;
				LD_RUNPATH_SEARCH_PATHS = (
					"$(inherited)",
					"@executable_path/Frameworks",
				);
				MARKETING_VERSION = 1.0.2;
				PRODUCT_BUNDLE_IDENTIFIER = "ru.paradox-studio.MemorablePearls";
				PRODUCT_NAME = "Памятные Жемчужины";
				PROVISIONING_PROFILE_SPECIFIER = "";
				"PROVISIONING_PROFILE_SPECIFIER[sdk=macosx*]" = "";
				SUPPORTS_MACCATALYST = NO;
				SWIFT_VERSION = 5.0;
				TARGETED_DEVICE_FAMILY = "1,2";
			};
			name = Release;
		};
/* End XCBuildConfiguration section */

/* Begin XCConfigurationList section */
		399F014E24179FB00094826A /* Build configuration list for PBXProject "MemorablePearls" */ = {
			isa = XCConfigurationList;
			buildConfigurations = (
				399F016724179FB70094826A /* Debug */,
				399F016824179FB70094826A /* Release */,
			);
			defaultConfigurationIsVisible = 0;
			defaultConfigurationName = Release;
		};
		399F016924179FB70094826A /* Build configuration list for PBXNativeTarget "MemorablePearls" */ = {
			isa = XCConfigurationList;
			buildConfigurations = (
				399F016A24179FB70094826A /* Debug */,
				399F016B24179FB70094826A /* Release */,
			);
			defaultConfigurationIsVisible = 0;
			defaultConfigurationName = Release;
		};
/* End XCConfigurationList section */
	};
	rootObject = 399F014B24179FB00094826A /* Project object */;
}
